# This file was autogenerated by Stack.
# You should not edit this file by hand.
# For more information, please see the documentation at:
#   https://docs.haskellstack.org/en/stable/lock_files

packages: []
snapshots:
- completed:
    sha256: b31cc0f0c6840610585867c7d89428a97e5e8ce6c366aa4a37befc39d1b9408b
    size: 662267
    url: https://raw.githubusercontent.com/commercialhaskell/stackage-snapshots/master/nightly/2024/9/15.yaml
  original: nightly-2024-09-15
